
Microsoft Visual Studio Solution File, Format Version 11.00
# Visual Studio 2010
Project("{FAE04EC0-301F-11D3-BF4B-00C04F79EFBC}") = "practical1", "practical1\practical1.csproj", "{5DABDAE0-07E6-4A85-925A-80140BCE3B70}"
EndProject
Project("{FAE04EC0-301F-11D3-BF4B-00C04F79EFBC}") = "practical2", "practical2\practical2.csproj", "{8D7A6410-B8AD-40CB-8E9C-CA993FC4CC77}"
EndProject
Project("{FAE04EC0-301F-11D3-BF4B-00C04F79EFBC}") = "practical3", "practical3\practical3.csproj", "{53865649-CD5C-45C6-8778-C30A4760783D}"
EndProject
Project("{FAE04EC0-301F-11D3-BF4B-00C04F79EFBC}") = "practical4", "practical4\practical4.csproj", "{1DCE6FEA-31DC-4C78-9599-6A06545C921B}"
EndProject
Project("{FAE04EC0-301F-11D3-BF4B-00C04F79EFBC}") = "Practical 5", "Practical 5\Practical 5.csproj", "{258358D4-5E8B-44B0-9823-6C41244EBA03}"
EndProject
Project("{FAE04EC0-301F-11D3-BF4B-00C04F79EFBC}") = "Practical 6", "Practical 6\Practical 6.csproj", "{3A5C6F3F-8FE1-4A00-A460-24038483A596}"
EndProject
Project("{FAE04EC0-301F-11D3-BF4B-00C04F79EFBC}") = "Practical 7", "Practical 7\Practical 7.csproj", "{E21AE6A4-BB08-4DCC-AD8C-B6F2E8B9C06F}"
EndProject
Project("{FAE04EC0-301F-11D3-BF4B-00C04F79EFBC}") = "Practical 8", "Practical 8\Practical 8.csproj", "{5C2B5B5B-A5C4-4E32-83EA-BEF6E254FF04}"
EndProject
Project("{FAE04EC0-301F-11D3-BF4B-00C04F79EFBC}") = "Practical 9", "Practical 9\Practical 9.csproj", "{C8ED3D71-0982-4C40-B429-3F20936D79CF}"
EndProject
Global
	GlobalSection(SolutionConfigurationPlatforms) = preSolution
		Debug|Any CPU = Debug|Any CPU
		Debug|Mixed Platforms = Debug|Mixed Platforms
		Debug|x86 = Debug|x86
		Release|Any CPU = Release|Any CPU
		Release|Mixed Platforms = Release|Mixed Platforms
		Release|x86 = Release|x86
	EndGlobalSection
	GlobalSection(ProjectConfigurationPlatforms) = postSolution
		{5DABDAE0-07E6-4A85-925A-80140BCE3B70}.Debug|Any CPU.ActiveCfg = Debug|x86
		{5DABDAE0-07E6-4A85-925A-80140BCE3B70}.Debug|Mixed Platforms.ActiveCfg = Debug|x86
		{5DABDAE0-07E6-4A85-925A-80140BCE3B70}.Debug|Mixed Platforms.Build.0 = Debug|x86
		{5DABDAE0-07E6-4A85-925A-80140BCE3B70}.Debug|x86.ActiveCfg = Debug|x86
		{5DABDAE0-07E6-4A85-925A-80140BCE3B70}.Debug|x86.Build.0 = Debug|x86
		{5DABDAE0-07E6-4A85-925A-80140BCE3B70}.Release|Any CPU.ActiveCfg = Release|x86
		{5DABDAE0-07E6-4A85-925A-80140BCE3B70}.Release|Mixed Platforms.ActiveCfg = Release|x86
		{5DABDAE0-07E6-4A85-925A-80140BCE3B70}.Release|Mixed Platforms.Build.0 = Release|x86
		{5DABDAE0-07E6-4A85-925A-80140BCE3B70}.Release|x86.ActiveCfg = Release|x86
		{5DABDAE0-07E6-4A85-925A-80140BCE3B70}.Release|x86.Build.0 = Release|x86
		{8D7A6410-B8AD-40CB-8E9C-CA993FC4CC77}.Debug|Any CPU.ActiveCfg = Debug|x86
		{8D7A6410-B8AD-40CB-8E9C-CA993FC4CC77}.Debug|Mixed Platforms.ActiveCfg = Debug|x86
		{8D7A6410-B8AD-40CB-8E9C-CA993FC4CC77}.Debug|Mixed Platforms.Build.0 = Debug|x86
		{8D7A6410-B8AD-40CB-8E9C-CA993FC4CC77}.Debug|x86.ActiveCfg = Debug|x86
		{8D7A6410-B8AD-40CB-8E9C-CA993FC4CC77}.Debug|x86.Build.0 = Debug|x86
		{8D7A6410-B8AD-40CB-8E9C-CA993FC4CC77}.Release|Any CPU.ActiveCfg = Release|x86
		{8D7A6410-B8AD-40CB-8E9C-CA993FC4CC77}.Release|Mixed Platforms.ActiveCfg = Release|x86
		{8D7A6410-B8AD-40CB-8E9C-CA993FC4CC77}.Release|Mixed Platforms.Build.0 = Release|x86
		{8D7A6410-B8AD-40CB-8E9C-CA993FC4CC77}.Release|x86.ActiveCfg = Release|x86
		{8D7A6410-B8AD-40CB-8E9C-CA993FC4CC77}.Release|x86.Build.0 = Release|x86
		{53865649-CD5C-45C6-8778-C30A4760783D}.Debug|Any CPU.ActiveCfg = Debug|x86
		{53865649-CD5C-45C6-8778-C30A4760783D}.Debug|Mixed Platforms.ActiveCfg = Debug|x86
		{53865649-CD5C-45C6-8778-C30A4760783D}.Debug|Mixed Platforms.Build.0 = Debug|x86
		{53865649-CD5C-45C6-8778-C30A4760783D}.Debug|x86.ActiveCfg = Debug|x86
		{53865649-CD5C-45C6-8778-C30A4760783D}.Debug|x86.Build.0 = Debug|x86
		{53865649-CD5C-45C6-8778-C30A4760783D}.Release|Any CPU.ActiveCfg = Release|x86
		{53865649-CD5C-45C6-8778-C30A4760783D}.Release|Mixed Platforms.ActiveCfg = Release|x86
		{53865649-CD5C-45C6-8778-C30A4760783D}.Release|Mixed Platforms.Build.0 = Release|x86
		{53865649-CD5C-45C6-8778-C30A4760783D}.Release|x86.ActiveCfg = Release|x86
		{53865649-CD5C-45C6-8778-C30A4760783D}.Release|x86.Build.0 = Release|x86
		{1DCE6FEA-31DC-4C78-9599-6A06545C921B}.Debug|Any CPU.ActiveCfg = Debug|x86
		{1DCE6FEA-31DC-4C78-9599-6A06545C921B}.Debug|Mixed Platforms.ActiveCfg = Debug|x86
		{1DCE6FEA-31DC-4C78-9599-6A06545C921B}.Debug|Mixed Platforms.Build.0 = Debug|x86
		{1DCE6FEA-31DC-4C78-9599-6A06545C921B}.Debug|x86.ActiveCfg = Debug|x86
		{1DCE6FEA-31DC-4C78-9599-6A06545C921B}.Debug|x86.Build.0 = Debug|x86
		{1DCE6FEA-31DC-4C78-9599-6A06545C921B}.Release|Any CPU.ActiveCfg = Release|x86
		{1DCE6FEA-31DC-4C78-9599-6A06545C921B}.Release|Mixed Platforms.ActiveCfg = Release|x86
		{1DCE6FEA-31DC-4C78-9599-6A06545C921B}.Release|Mixed Platforms.Build.0 = Release|x86
		{1DCE6FEA-31DC-4C78-9599-6A06545C921B}.Release|x86.ActiveCfg = Release|x86
		{1DCE6FEA-31DC-4C78-9599-6A06545C921B}.Release|x86.Build.0 = Release|x86
		{258358D4-5E8B-44B0-9823-6C41244EBA03}.Debug|Any CPU.ActiveCfg = Debug|x86
		{258358D4-5E8B-44B0-9823-6C41244EBA03}.Debug|Mixed Platforms.ActiveCfg = Debug|x86
		{258358D4-5E8B-44B0-9823-6C41244EBA03}.Debug|Mixed Platforms.Build.0 = Debug|x86
		{258358D4-5E8B-44B0-9823-6C41244EBA03}.Debug|x86.ActiveCfg = Debug|x86
		{258358D4-5E8B-44B0-9823-6C41244EBA03}.Debug|x86.Build.0 = Debug|x86
		{258358D4-5E8B-44B0-9823-6C41244EBA03}.Release|Any CPU.ActiveCfg = Release|x86
		{258358D4-5E8B-44B0-9823-6C41244EBA03}.Release|Mixed Platforms.ActiveCfg = Release|x86
		{258358D4-5E8B-44B0-9823-6C41244EBA03}.Release|Mixed Platforms.Build.0 = Release|x86
		{258358D4-5E8B-44B0-9823-6C41244EBA03}.Release|x86.ActiveCfg = Release|x86
		{258358D4-5E8B-44B0-9823-6C41244EBA03}.Release|x86.Build.0 = Release|x86
		{3A5C6F3F-8FE1-4A00-A460-24038483A596}.Debug|Any CPU.ActiveCfg = Debug|x86
		{3A5C6F3F-8FE1-4A00-A460-24038483A596}.Debug|Mixed Platforms.ActiveCfg = Debug|x86
		{3A5C6F3F-8FE1-4A00-A460-24038483A596}.Debug|Mixed Platforms.Build.0 = Debug|x86
		{3A5C6F3F-8FE1-4A00-A460-24038483A596}.Debug|x86.ActiveCfg = Debug|x86
		{3A5C6F3F-8FE1-4A00-A460-24038483A596}.Debug|x86.Build.0 = Debug|x86
		{3A5C6F3F-8FE1-4A00-A460-24038483A596}.Release|Any CPU.ActiveCfg = Release|x86
		{3A5C6F3F-8FE1-4A00-A460-24038483A596}.Release|Mixed Platforms.ActiveCfg = Release|x86
		{3A5C6F3F-8FE1-4A00-A460-24038483A596}.Release|Mixed Platforms.Build.0 = Release|x86
		{3A5C6F3F-8FE1-4A00-A460-24038483A596}.Release|x86.ActiveCfg = Release|x86
		{3A5C6F3F-8FE1-4A00-A460-24038483A596}.Release|x86.Build.0 = Release|x86
		{E21AE6A4-BB08-4DCC-AD8C-B6F2E8B9C06F}.Debug|Any CPU.ActiveCfg = Debug|x86
		{E21AE6A4-BB08-4DCC-AD8C-B6F2E8B9C06F}.Debug|Mixed Platforms.ActiveCfg = Debug|x86
		{E21AE6A4-BB08-4DCC-AD8C-B6F2E8B9C06F}.Debug|Mixed Platforms.Build.0 = Debug|x86
		{E21AE6A4-BB08-4DCC-AD8C-B6F2E8B9C06F}.Debug|x86.ActiveCfg = Debug|x86
		{E21AE6A4-BB08-4DCC-AD8C-B6F2E8B9C06F}.Debug|x86.Build.0 = Debug|x86
		{E21AE6A4-BB08-4DCC-AD8C-B6F2E8B9C06F}.Release|Any CPU.ActiveCfg = Release|x86
		{E21AE6A4-BB08-4DCC-AD8C-B6F2E8B9C06F}.Release|Mixed Platforms.ActiveCfg = Release|x86
		{E21AE6A4-BB08-4DCC-AD8C-B6F2E8B9C06F}.Release|Mixed Platforms.Build.0 = Release|x86
		{E21AE6A4-BB08-4DCC-AD8C-B6F2E8B9C06F}.Release|x86.ActiveCfg = Release|x86
		{E21AE6A4-BB08-4DCC-AD8C-B6F2E8B9C06F}.Release|x86.Build.0 = Release|x86
		{5C2B5B5B-A5C4-4E32-83EA-BEF6E254FF04}.Debug|Any CPU.ActiveCfg = Debug|x86
		{5C2B5B5B-A5C4-4E32-83EA-BEF6E254FF04}.Debug|Mixed Platforms.ActiveCfg = Debug|x86
		{5C2B5B5B-A5C4-4E32-83EA-BEF6E254FF04}.Debug|Mixed Platforms.Build.0 = Debug|x86
		{5C2B5B5B-A5C4-4E32-83EA-BEF6E254FF04}.Debug|x86.ActiveCfg = Debug|x86
		{5C2B5B5B-A5C4-4E32-83EA-BEF6E254FF04}.Debug|x86.Build.0 = Debug|x86
		{5C2B5B5B-A5C4-4E32-83EA-BEF6E254FF04}.Release|Any CPU.ActiveCfg = Release|x86
		{5C2B5B5B-A5C4-4E32-83EA-BEF6E254FF04}.Release|Mixed Platforms.ActiveCfg = Release|x86
		{5C2B5B5B-A5C4-4E32-83EA-BEF6E254FF04}.Release|Mixed Platforms.Build.0 = Release|x86
		{5C2B5B5B-A5C4-4E32-83EA-BEF6E254FF04}.Release|x86.ActiveCfg = Release|x86
		{5C2B5B5B-A5C4-4E32-83EA-BEF6E254FF04}.Release|x86.Build.0 = Release|x86
		{C8ED3D71-0982-4C40-B429-3F20936D79CF}.Debug|Any CPU.ActiveCfg = Debug|Any CPU
		{C8ED3D71-0982-4C40-B429-3F20936D79CF}.Debug|Any CPU.Build.0 = Debug|Any CPU
		{C8ED3D71-0982-4C40-B429-3F20936D79CF}.Debug|Mixed Platforms.ActiveCfg = Debug|Any CPU
		{C8ED3D71-0982-4C40-B429-3F20936D79CF}.Debug|Mixed Platforms.Build.0 = Debug|Any CPU
		{C8ED3D71-0982-4C40-B429-3F20936D79CF}.Debug|x86.ActiveCfg = Debug|Any CPU
		{C8ED3D71-0982-4C40-B429-3F20936D79CF}.Release|Any CPU.ActiveCfg = Release|Any CPU
		{C8ED3D71-0982-4C40-B429-3F20936D79CF}.Release|Any CPU.Build.0 = Release|Any CPU
		{C8ED3D71-0982-4C40-B429-3F20936D79CF}.Release|Mixed Platforms.ActiveCfg = Release|Any CPU
		{C8ED3D71-0982-4C40-B429-3F20936D79CF}.Release|Mixed Platforms.Build.0 = Release|Any CPU
		{C8ED3D71-0982-4C40-B429-3F20936D79CF}.Release|x86.ActiveCfg = Release|Any CPU
	EndGlobalSection
	GlobalSection(SolutionProperties) = preSolution
		HideSolutionNode = FALSE
	EndGlobalSection
EndGlobal
